<Solution><Project Path="src/Watchroom.Core/Watchroom.Core.csproj"/><Project Path="src/Watchroom.Server/Watchroom.Server.csproj"/><Project Path="src/Watchroom.Desktop/Watchroom.Desktop.csproj"/><Project Path="src/Watchroom.Mac/Watchroom.Mac.csproj"/><Project Path="tests/Watchroom.Smoke/Watchroom.Smoke.csproj"/></Solution>
